// !$*UTF8*$!
{
	archiveVersion = 1;
	classes = {
	};
	objectVersion = 56;
	objects = {

/* Begin PBXBuildFile section */
		C03992DF2AF8BFCB0053B3DC /* AppDelegate.swift in Sources */ = {isa = PBXBuildFile; fileRef = C03992DE2AF8BFCB0053B3DC /* AppDelegate.swift */; };
		C03992E12AF8BFCB0053B3DC /* SceneDelegate.swift in Sources */ = {isa = PBXBuildFile; fileRef = C03992E02AF8BFCB0053B3DC /* SceneDelegate.swift */; };
		C03992E32AF8BFCB0053B3DC /* ViewController.swift in Sources */ = {isa = PBXBuildFile; fileRef = C03992E22AF8BFCB0053B3DC /* ViewController.swift */; };
		C03992E62AF8BFCB0053B3DC /* Main.storyboard in Resources */ = {isa = PBXBuildFile; fileRef = C03992E42AF8BFCB0053B3DC /* Main.storyboard */; };
		C03992E82AF8BFCC0053B3DC /* Assets.xcassets in Resources */ = {isa = PBXBuildFile; fileRef = C03992E72AF8BFCC0053B3DC /* Assets.xcassets */; };
		C03992EB2AF8BFCC0053B3DC /* LaunchScreen.storyboard in Resources */ = {isa = PBXBuildFile; fileRef = C03992E92AF8BFCC0053B3DC /* LaunchScreen.storyboard */; };
		C03992F32AF8C1180053B3DC /* SecondsViewController.swift in Sources */ = {isa = PBXBuildFile; fileRef = C03992F22AF8C1180053B3DC /* SecondsViewController.swift */; };
/* End PBXBuildFile section */

/* Begin PBXFileReference section */
		C03992DB2AF8BFCB0053B3DC /* SegueMyApp.app */ = {isa = PBXFileReference; explicitFileType = wrapper.application; includeInIndex = 0; path = SegueMyApp.app; sourceTree = BUILT_PRODUCTS_DIR; };
		C03992DE2AF8BFCB0053B3DC /* AppDelegate.swift */ = {isa = PBXFileReference; lastKnownFileType = sourcecode.swift; path = AppDelegate.swift; sourceTree = "<group>"; };
		C03992E02AF8BFCB0053B3DC /* SceneDelegate.swift */ = {isa = PBXFileReference; lastKnownFileType = sourcecode.swift; path = SceneDelegate.swift; sourceTree = "<group>"; };
		C03992E22AF8BFCB0053B3DC /* ViewController.swift */ = {isa = PBXFileReference; lastKnownFileType = sourcecode.swift; path = ViewController.swift; sourceTree = "<group>"; };
		C03992E52AF8BFCB0053B3DC /* Base */ = {isa = PBXFileReference; lastKnownFileType = file.storyboard; name = Base; path = Base.lproj/Main.storyboard; sourceTree = "<group>"; };
		C03992E72AF8BFCC0053B3DC /* Assets.xcassets */ = {isa = PBXFileReference; lastKnownFileType = folder.assetcatalog; path = Assets.xcassets; sourceTree = "<group>"; };
		C03992EA2AF8BFCC0053B3DC /* Base */ = {isa = PBXFileReference; lastKnownFileType = file.storyboard; name = Base; path = Base.lproj/LaunchScreen.storyboard; sourceTree = "<group>"; };
		C03992EC2AF8BFCC0053B3DC /* Info.plist */ = {isa = PBXFileReference; lastKnownFileType = text.plist.xml; path = Info.plist; sourceTree = "<group>"; };
		C03992F22AF8C1180053B3DC /* SecondsViewController.swift */ = {isa = PBXFileReference; lastKnownFileType = sourcecode.swift; path = SecondsViewController.swift; sourceTree = "<group>"; };
/* End PBXFileReference section */

/* Begin PBXFrameworksBuildPhase section */
		C03992D82AF8BFCB0053B3DC /* Frameworks */ = {
			isa = PBXFrameworksBuildPhase;
			buildActionMask = 2147483647;
			files = (
			);
			runOnlyForDeploymentPostprocessing = 0;
		};
/* End PBXFrameworksBuildPhase section */

/* Begin PBXGroup section */
		C03992D22AF8BFCB0053B3DC = {
			isa = PBXGroup;
			children = (
				C03992DD2AF8BFCB0053B3DC /* SegueMyApp */,
				C03992DC2AF8BFCB0053B3DC /* Products */,
			);
			sourceTree = "<group>";
		};
		C03992DC2AF8BFCB0053B3DC /* Products */ = {
			isa = PBXGroup;
			children = (
				C03992DB2AF8BFCB0053B3DC /* SegueMyApp.app */,
			);
			name = Products;
			sourceTree = "<group>";
		};
		C03992DD2AF8BFCB0053B3DC /* SegueMyApp */ = {
			isa = PBXGroup;
			children = (
				C03992DE2AF8BFCB0053B3DC /* AppDelegate.swift */,
				C03992E02AF8BFCB0053B3DC /* SceneDelegate.swift */,
				C03992E22AF8BFCB0053B3DC /* ViewController.swift */,
				C03992F22AF8C1180053B3DC /* SecondsViewController.swift */,
				C03992E42AF8BFCB0053B3DC /* Main.storyboard */,
				C03992E72AF8BFCC0053B3DC /* Assets.xcassets */,
				C03992E92AF8BFCC0053B3DC /* LaunchScreen.storyboard */,
				C03992EC2AF8BFCC0053B3DC /* Info.plist */,
			);
			path = SegueMyApp;
			sourceTree = "<group>";
		};
/* End PBXGroup section */

/* Begin PBXNativeTarget section */
		C03992DA2AF8BFCB0053B3DC /* SegueMyApp */ = {
			isa = PBXNativeTarget;
			buildConfigurationList = C03992EF2AF8BFCC0053B3DC /* Build configuration list for PBXNativeTarget "SegueMyApp" */;
			buildPhases = (
				C03992D72AF8BFCB0053B3DC /* Sources */,
				C03992D82AF8BFCB0053B3DC /* Frameworks */,
				C03992D92AF8BFCB0053B3DC /* Resources */,
			);
			buildRules = (
			);
			dependencies = (
			);
			name = SegueMyApp;
			productName = SegueMyApp;
			productReference = C03992DB2AF8BFCB0053B3DC /* SegueMyApp.app */;
			productType = "com.apple.product-type.application";
		};
/* End PBXNativeTarget section */

/* Begin PBXProject section */
		C03992D32AF8BFCB0053B3DC /* Project object */ = {
			isa = PBXProject;
			attributes = {
				BuildIndependentTargetsInParallel = 1;
				LastSwiftUpdateCheck = 1500;
				LastUpgradeCheck = 1500;
				TargetAttributes = {
					C03992DA2AF8BFCB0053B3DC = {
						CreatedOnToolsVersion = 15.0.1;
					};
				};
			};
			buildConfigurationList = C03992D62AF8BFCB0053B3DC /* Build configuration list for PBXProject "SegueMyApp" */;
			compatibilityVersion = "Xcode 14.0";
			developmentRegion = en;
			hasScannedForEncodings = 0;
			knownRegions = (
				en,
				Base,
			);
			mainGroup = C03992D22AF8BFCB0053B3DC;
			productRefGroup = C03992DC2AF8BFCB0053B3DC /* Products */;
			projectDirPath = "";
			projectRoot = "";
			targets = (
				C03992DA2AF8BFCB0053B3DC /* SegueMyApp */,
			);
		};
/* End PBXProject section */

/* Begin PBXResourcesBuildPhase section */
		C03992D92AF8BFCB0053B3DC /* Resources */ = {
			isa = PBXResourcesBuildPhase;
			buildActionMask = 2147483647;
			files = (
				C03992EB2AF8BFCC0053B3DC /* LaunchScreen.storyboard in Resources */,
				C03992E82AF8BFCC0053B3DC /* Assets.xcassets in Resources */,
				C03992E62AF8BFCB0053B3DC /* Main.storyboard in Resources */,
			);
			runOnlyForDeploymentPostprocessing = 0;
		};
/* End PBXResourcesBuildPhase section */

/* Begin PBXSourcesBuildPhase section */
		C03992D72AF8BFCB0053B3DC /* Sources */ = {
			isa = PBXSourcesBuildPhase;
			buildActionMask = 2147483647;
			files = (
				C03992F32AF8C1180053B3DC /* SecondsViewController.swift in Sources */,
				C03992E32AF8BFCB0053B3DC /* ViewController.swift in Sources */,
				C03992DF2AF8BFCB0053B3DC /* AppDelegate.swift in Sources */,
				C03992E12AF8BFCB0053B3DC /* SceneDelegate.swift in Sources */,
			);
			runOnlyForDeploymentPostprocessing = 0;
		};
/* End PBXSourcesBuildPhase section */

/* Begin PBXVariantGroup section */
		C03992E42AF8BFCB0053B3DC /* Main.storyboard */ = {
			isa = PBXVariantGroup;
			children = (
				C03992E52AF8BFCB0053B3DC /* Base */,
			);
			name = Main.storyboard;
			sourceTree = "<group>";
		};
		C03992E92AF8BFCC0053B3DC /* LaunchScreen.storyboard */ = {
			isa = PBXVariantGroup;
			children = (
				C03992EA2AF8BFCC0053B3DC /* Base */,
			);
			name = LaunchScreen.storyboard;
			sourceTree = "<group>";
		};
/* End PBXVariantGroup section */

/* Begin XCBuildConfiguration section */
		C03992ED2AF8BFCC0053B3DC /* Debug */ = {
			isa = XCBuildConfiguration;
			buildSettings = {
				ALWAYS_SEARCH_USER_PATHS = NO;
				ASSETCATALOG_COMPILER_GENERATE_SWIFT_ASSET_SYMBOL_EXTENSIONS = YES;
				CLANG_ANALYZER_NONNULL = YES;
				CLANG_ANALYZER_NUMBER_OBJECT_CONVERSION = YES_AGGRESSIVE;
				CLANG_CXX_LANGUAGE_STANDARD = "gnu++20";
				CLANG_ENABLE_MODULES = YES;
				CLANG_ENABLE_OBJC_ARC = YES;
				CLANG_ENABLE_OBJC_WEAK = YES;
				CLANG_WARN_BLOCK_CAPTURE_AUTORELEASING = YES;
				CLANG_WARN_BOOL_CONVERSION = YES;
				CLANG_WARN_COMMA = YES;
				CLANG_WARN_CONSTANT_CONVERSION = YES;
				CLANG_WARN_DEPRECATED_OBJC_IMPLEMENTATIONS = YES;
				CLANG_WARN_DIRECT_OBJC_ISA_USAGE = YES_ERROR;
				CLANG_WARN_DOCUMENTATION_COMMENTS = YES;
				CLANG_WARN_EMPTY_BODY = YES;
				CLANG_WARN_ENUM_CONVERSION = YES;
				CLANG_WARN_INFINITE_RECURSION = YES;
				CLANG_WARN_INT_CONVERSION = YES;
				CLANG_WARN_NON_LITERAL_NULL_CONVERSION = YES;
				CLANG_WARN_OBJC_IMPLICIT_RETAIN_SELF = YES;
				CLANG_WARN_OBJC_LITERAL_CONVERSION = YES;
				CLANG_WARN_OBJC_ROOT_CLASS = YES_ERROR;
				CLANG_WARN_QUOTED_INCLUDE_IN_FRAMEWORK_HEADER = YES;
				CLANG_WARN_RANGE_LOOP_ANALYSIS = YES;
				CLANG_WARN_STRICT_PROTOTYPES = YES;
				CLANG_WARN_SUSPICIOUS_MOVE = YES;
				CLANG_WARN_UNGUARDED_AVAILABILITY = YES_AGGRESSIVE;
				CLANG_WARN_UNREACHABLE_CODE = YES;
				CLANG_WARN__DUPLICATE_METHOD_MATCH = YES;
				COPY_PHASE_STRIP = NO;
				DEBUG_INFORMATION_FORMAT = dwarf;
				ENABLE_STRICT_OBJC_MSGSEND = YES;
				ENABLE_TESTABILITY = YES;
				ENABLE_USER_SCRIPT_SANDBOXING = YES;
				GCC_C_LANGUAGE_STANDARD = gnu17;
				GCC_DYNAMIC_NO_PIC = NO;
				GCC_NO_COMMON_BLOCKS = YES;
				GCC_OPTIMIZATION_LEVEL = 0;
				GCC_PREPROCESSOR_DEFINITIONS = (
					"DEBUG=1",
					"$(inherited)",
				);
				GCC_WARN_64_TO_32_BIT_CONVERSION = YES;
				GCC_WARN_ABOUT_RETURN_TYPE = YES_ERROR;
				GCC_WARN_UNDECLARED_SELECTOR = YES;
				GCC_WARN_UNINITIALIZED_AUTOS = YES_AGGRESSIVE;
				GCC_WARN_UNUSED_FUNCTION = YES;
				GCC_WARN_UNUSED_VARIABLE = YES;
				IPHONEOS_DEPLOYMENT_TARGET = 17.0;
				LOCALIZATION_PREFERS_STRING_CATALOGS = YES;
				MTL_ENABLE_DEBUG_INFO = INCLUDE_SOURCE;
				MTL_FAST_MATH = YES;
				ONLY_ACTIVE_ARCH = YES;
				SDKROOT = iphoneos;
				SWIFT_ACTIVE_COMPILATION_CONDITIONS = "DEBUG $(inherited)";
				SWIFT_OPTIMIZATION_LEVEL = "-Onone";
			};
			name = Debug;
		};
		C03992EE2AF8BFCC0053B3DC /* Release */ = {
			isa = XCBuildConfiguration;
			buildSettings = {
				ALWAYS_SEARCH_USER_PATHS = NO;
				ASSETCATALOG_COMPILER_GENERATE_SWIFT_ASSET_SYMBOL_EXTENSIONS = YES;
				CLANG_ANALYZER_NONNULL = YES;
				CLANG_ANALYZER_NUMBER_OBJECT_CONVERSION = YES_AGGRESSIVE;
				CLANG_CXX_LANGUAGE_STANDARD = "gnu++20";
				CLANG_ENABLE_MODULES = YES;
				CLANG_ENABLE_OBJC_ARC = YES;
				CLANG_ENABLE_OBJC_WEAK = YES;
				CLANG_WARN_BLOCK_CAPTURE_AUTORELEASING = YES;
				CLANG_WARN_BOOL_CONVERSION = YES;
				CLANG_WARN_COMMA = YES;
				CLANG_WARN_CONSTANT_CONVERSION = YES;
				CLANG_WARN_DEPRECATED_OBJC_IMPLEMENTATIONS = YES;
				CLANG_WARN_DIRECT_OBJC_ISA_USAGE = YES_ERROR;
				CLANG_WARN_DOCUMENTATION_COMMENTS = YES;
				CLANG_WARN_EMPTY_BODY = YES;
				CLANG_WARN_ENUM_CONVERSION = YES;
				CLANG_WARN_INFINITE_RECURSION = YES;
				CLANG_WARN_INT_CONVERSION = YES;
				CLANG_WARN_NON_LITERAL_NULL_CONVERSION = YES;
				CLANG_WARN_OBJC_IMPLICIT_RETAIN_SELF = YES;
				CLANG_WARN_OBJC_LITERAL_CONVERSION = YES;
				CLANG_WARN_OBJC_ROOT_CLASS = YES_ERROR;
				CLANG_WARN_QUOTED_INCLUDE_IN_FRAMEWORK_HEADER = YES;
				CLANG_WARN_RANGE_LOOP_ANALYSIS = YES;
				CLANG_WARN_STRICT_PROTOTYPES = YES;
				CLANG_WARN_SUSPICIOUS_MOVE = YES;
				CLANG_WARN_UNGUARDED_AVAILABILITY = YES_AGGRESSIVE;
				CLANG_WARN_UNREACHABLE_CODE = YES;
				CLANG_WARN__DUPLICATE_METHOD_MATCH = YES;
				COPY_PHASE_STRIP = NO;
				DEBUG_INFORMATION_FORMAT = "dwarf-with-dsym";
				ENABLE_NS_ASSERTIONS = NO;
				ENABLE_STRICT_OBJC_MSGSEND = YES;
				ENABLE_USER_SCRIPT_SANDBOXING = YES;
				GCC_C_LANGUAGE_STANDARD = gnu17;
				GCC_NO_COMMON_BLOCKS = YES;
				GCC_WARN_64_TO_32_BIT_CONVERSION = YES;
				GCC_WARN_ABOUT_RETURN_TYPE = YES_ERROR;
				GCC_WARN_UNDECLARED_SELECTOR = YES;
				GCC_WARN_UNINITIALIZED_AUTOS = YES_AGGRESSIVE;
				GCC_WARN_UNUSED_FUNCTION = YES;
				GCC_WARN_UNUSED_VARIABLE = YES;
				IPHONEOS_DEPLOYMENT_TARGET = 17.0;
				LOCALIZATION_PREFERS_STRING_CATALOGS = YES;
				MTL_ENABLE_DEBUG_INFO = NO;
				MTL_FAST_MATH = YES;
				SDKROOT = iphoneos;
				SWIFT_COMPILATION_MODE = wholemodule;
				VALIDATE_PRODUCT = YES;
			};
			name = Release;
		};
		C03992F02AF8BFCC0053B3DC /* Debug */ = {
			isa = XCBuildConfiguration;
			buildSettings = {
				ASSETCATALOG_COMPILER_APPICON_NAME = AppIcon;
				ASSETCATALOG_COMPILER_GLOBAL_ACCENT_COLOR_NAME = AccentColor;
				CODE_SIGN_STYLE = Automatic;
				CURRENT_PROJECT_VERSION = 1;
				DEVELOPMENT_TEAM = Z57TS773P9;
				GENERATE_INFOPLIST_FILE = YES;
				INFOPLIST_FILE = SegueMyApp/Info.plist;
				INFOPLIST_KEY_UIApplicationSupportsIndirectInputEvents = YES;
				INFOPLIST_KEY_UILaunchStoryboardName = LaunchScreen;
				INFOPLIST_KEY_UIMainStoryboardFile = Main;
				INFOPLIST_KEY_UISupportedInterfaceOrientations_iPad = "UIInterfaceOrientationPortrait UIInterfaceOrientationPortraitUpsideDown UIInterfaceOrientationLandscapeLeft UIInterfaceOrientationLandscapeRight";
				INFOPLIST_KEY_UISupportedInterfaceOrientations_iPhone = "UIInterfaceOrientationPortrait UIInterfaceOrientationLandscapeLeft UIInterfaceOrientationLandscapeRight";
				LD_RUNPATH_SEARCH_PATHS = (
					"$(inherited)",
					"@executable_path/Frameworks",
				);
				MARKETING_VERSION = 1.0;
				PRODUCT_BUNDLE_IDENTIFIER = com.flashex.SegueMyApp;
				PRODUCT_NAME = "$(TARGET_NAME)";
				SWIFT_EMIT_LOC_STRINGS = YES;
				SWIFT_VERSION = 5.0;
				TARGETED_DEVICE_FAMILY = "1,2";
			};
			name = Debug;
		};
		C03992F12AF8BFCC0053B3DC /* Release */ = {
			isa = XCBuildConfiguration;
			buildSettings = {
				ASSETCATALOG_COMPILER_APPICON_NAME = AppIcon;
				ASSETCATALOG_COMPILER_GLOBAL_ACCENT_COLOR_NAME = AccentColor;
				CODE_SIGN_STYLE = Automatic;
				CURRENT_PROJECT_VERSION = 1;
				DEVELOPMENT_TEAM = Z57TS773P9;
				GENERATE_INFOPLIST_FILE = YES;
				INFOPLIST_FILE = SegueMyApp/Info.plist;
				INFOPLIST_KEY_UIApplicationSupportsIndirectInputEvents = YES;
				INFOPLIST_KEY_UILaunchStoryboardName = LaunchScreen;
				INFOPLIST_KEY_UIMainStoryboardFile = Main;
				INFOPLIST_KEY_UISupportedInterfaceOrientations_iPad = "UIInterfaceOrientationPortrait UIInterfaceOrientationPortraitUpsideDown UIInterfaceOrientationLandscapeLeft UIInterfaceOrientationLandscapeRight";
				INFOPLIST_KEY_UISupportedInterfaceOrientations_iPhone = "UIInterfaceOrientationPortrait UIInterfaceOrientationLandscapeLeft UIInterfaceOrientationLandscapeRight";
				LD_RUNPATH_SEARCH_PATHS = (
					"$(inherited)",
					"@executable_path/Frameworks",
				);
				MARKETING_VERSION = 1.0;
				PRODUCT_BUNDLE_IDENTIFIER = com.flashex.SegueMyApp;
				PRODUCT_NAME = "$(TARGET_NAME)";
				SWIFT_EMIT_LOC_STRINGS = YES;
				SWIFT_VERSION = 5.0;
				TARGETED_DEVICE_FAMILY = "1,2";
			};
			name = Release;
		};
/* End XCBuildConfiguration section */

/* Begin XCConfigurationList section */
		C03992D62AF8BFCB0053B3DC /* Build configuration list for PBXProject "SegueMyApp" */ = {
			isa = XCConfigurationList;
			buildConfigurations = (
				C03992ED2AF8BFCC0053B3DC /* Debug */,
				C03992EE2AF8BFCC0053B3DC /* Release */,
			);
			defaultConfigurationIsVisible = 0;
			defaultConfigurationName = Release;
		};
		C03992EF2AF8BFCC0053B3DC /* Build configuration list for PBXNativeTarget "SegueMyApp" */ = {
			isa = XCConfigurationList;
			buildConfigurations = (
				C03992F02AF8BFCC0053B3DC /* Debug */,
				C03992F12AF8BFCC0053B3DC /* Release */,
			);
			defaultConfigurationIsVisible = 0;
			defaultConfigurationName = Release;
		};
/* End XCConfigurationList section */
	};
	rootObject = C03992D32AF8BFCB0053B3DC /* Project object */;
}
